
Microsoft Visual Studio Solution File, Format Version 12.00
# Visual Studio Version 17
VisualStudioVersion = 17.8.34330.188
MinimumVisualStudioVersion = 10.0.40219.1
Project("{888888A0-9F3D-457C-B088-3A5042F75D52}") = "Python", "Python.pyproj", "{F7E5E648-D7BD-4D17-A2E5-842B0961010F}"
EndProject
Global
	GlobalSection(SolutionConfigurationPlatforms) = preSolution
		Debug|Any CPU = Debug|Any CPU
		Release|Any CPU = Release|Any CPU
	EndGlobalSection
	GlobalSection(ProjectConfigurationPlatforms) = postSolution
		{F7E5E648-D7BD-4D17-A2E5-842B0961010F}.Debug|Any CPU.ActiveCfg = Debug|Any CPU
		{F7E5E648-D7BD-4D17-A2E5-842B0961010F}.Release|Any CPU.ActiveCfg = Release|Any CPU
	EndGlobalSection
	GlobalSection(SolutionProperties) = preSolution
		HideSolutionNode = FALSE
	EndGlobalSection
	GlobalSection(ExtensibilityGlobals) = postSolution
		SolutionGuid = {08441D5A-4E13-4A9A-86F2-AD1BA9B441B7}
	EndGlobalSection
EndGlobal
